
Microsoft Visual Studio Solution File, Format Version 12.00
# Visual Studio Version 16
VisualStudioVersion = 16.0.29728.190
MinimumVisualStudioVersion = 10.0.40219.1
Project("{FAE04EC0-301F-11D3-BF4B-00C04F79EFBC}") = "RockPaperScissorLizardSpock", "RockPaperScissorLizardSpock\RockPaperScissorLizardSpock.csproj", "{2D381B69-7DB4-4949-9EB5-BF1E79D5F170}"
EndProject
Global
	GlobalSection(SolutionConfigurationPlatforms) = preSolution
		Debug|Any CPU = Debug|Any CPU
		Release|Any CPU = Release|Any CPU
	EndGlobalSection
	GlobalSection(ProjectConfigurationPlatforms) = postSolution
		{2D381B69-7DB4-4949-9EB5-BF1E79D5F170}.Debug|Any CPU.ActiveCfg = Debug|Any CPU
		{2D381B69-7DB4-4949-9EB5-BF1E79D5F170}.Debug|Any CPU.Build.0 = Debug|Any CPU
		{2D381B69-7DB4-4949-9EB5-BF1E79D5F170}.Release|Any CPU.ActiveCfg = Release|Any CPU
		{2D381B69-7DB4-4949-9EB5-BF1E79D5F170}.Release|Any CPU.Build.0 = Release|Any CPU
	EndGlobalSection
	GlobalSection(SolutionProperties) = preSolution
		HideSolutionNode = FALSE
	EndGlobalSection
	GlobalSection(ExtensibilityGlobals) = postSolution
		SolutionGuid = {110E6518-17AC-4EE5-B047-7F1EB517FFB4}
	EndGlobalSection
EndGlobal
